
Microsoft Visual Studio Solution File, Format Version 12.00
# Visual Studio Version 17
VisualStudioVersion = 17.8.34511.84
MinimumVisualStudioVersion = 10.0.40219.1
Project("{FAE04EC0-301F-11D3-BF4B-00C04F79EFBC}") = "FolderLauncher", "FolderLauncher\FolderLauncher.csproj", "{B81E6A46-060F-496C-9FB8-D60B63560D17}"
EndProject
Global
	GlobalSection(SolutionConfigurationPlatforms) = preSolution
		Debug|Any CPU = Debug|Any CPU
		Release|Any CPU = Release|Any CPU
	EndGlobalSection
	GlobalSection(ProjectConfigurationPlatforms) = postSolution
		{B81E6A46-060F-496C-9FB8-D60B63560D17}.Debug|Any CPU.ActiveCfg = Debug|Any CPU
		{B81E6A46-060F-496C-9FB8-D60B63560D17}.Debug|Any CPU.Build.0 = Debug|Any CPU
		{B81E6A46-060F-496C-9FB8-D60B63560D17}.Release|Any CPU.ActiveCfg = Release|Any CPU
		{B81E6A46-060F-496C-9FB8-D60B63560D17}.Release|Any CPU.Build.0 = Release|Any CPU
	EndGlobalSection
	GlobalSection(SolutionProperties) = preSolution
		HideSolutionNode = FALSE
	EndGlobalSection
	GlobalSection(ExtensibilityGlobals) = postSolution
		SolutionGuid = {64E79636-027A-4AC5-B27E-E114A0F44381}
	EndGlobalSection
EndGlobal
